<Solution>
  <Folder Name="/Compatability/">
    <Project Path="Compatability/HephaestusCompat/SharedWeaponBuilds.HephaestusCompat.csproj" Id="56cc0d72-8b32-409c-900a-e76bfafda7f7" />
  </Folder>
  <Project Path="SharedWeaponBuilds.Client/SharedWeaponBuilds.Client.csproj" Id="829ff4bf-e46f-4b56-bdcd-a00e29b73b50" />
  <Project Path="SharedWeaponBuilds.Server/SharedWeaponBuilds.Server.csproj" />
</Solution>
